
Microsoft Visual Studio Solution File, Format Version 12.00
# Visual Studio Version 17
VisualStudioVersion = 17.13.35919.96
MinimumVisualStudioVersion = 10.0.40219.1
Project("{FAE04EC0-301F-11D3-BF4B-00C04F79EFBC}") = "InvoiceManagementSystem", "InvoiceManagementSystem.csproj", "{15854D53-0643-46D0-AB2B-3E16F50AD383}"
EndProject
Global
	GlobalSection(SolutionConfigurationPlatforms) = preSolution
		Debug|Any CPU = Debug|Any CPU
		Release|Any CPU = Release|Any CPU
	EndGlobalSection
	GlobalSection(ProjectConfigurationPlatforms) = postSolution
		{15854D53-0643-46D0-AB2B-3E16F50AD383}.Debug|Any CPU.ActiveCfg = Debug|Any CPU
		{15854D53-0643-46D0-AB2B-3E16F50AD383}.Debug|Any CPU.Build.0 = Debug|Any CPU
		{15854D53-0643-46D0-AB2B-3E16F50AD383}.Release|Any CPU.ActiveCfg = Release|Any CPU
		{15854D53-0643-46D0-AB2B-3E16F50AD383}.Release|Any CPU.Build.0 = Release|Any CPU
	EndGlobalSection
	GlobalSection(SolutionProperties) = preSolution
		HideSolutionNode = FALSE
	EndGlobalSection
	GlobalSection(ExtensibilityGlobals) = postSolution
		SolutionGuid = {746DAA2C-566E-476E-9B92-1E485A078789}
	EndGlobalSection
EndGlobal
